
Microsoft Visual Studio Solution File, Format Version 12.00
# Visual Studio Version 16
VisualStudioVersion = 16.0.30523.141
MinimumVisualStudioVersion = 10.0.40219.1
Project("{8BC9CEB8-8B4A-11D0-8D11-00A0C91BC942}") = "OopsAllDiffuse", "OopsAllDiffuse.vcxproj", "{672C0B8A-7030-4793-8CF9-F536C84F321B}"
EndProject
Global
	GlobalSection(SolutionConfigurationPlatforms) = preSolution
		Debug|x64 = Debug|x64
		Debug|x86 = Debug|x86
		Release|x64 = Release|x64
		Release|x86 = Release|x86
	EndGlobalSection
	GlobalSection(ProjectConfigurationPlatforms) = postSolution
		{672C0B8A-7030-4793-8CF9-F536C84F321B}.Debug|x64.ActiveCfg = Debug|x64
		{672C0B8A-7030-4793-8CF9-F536C84F321B}.Debug|x64.Build.0 = Debug|x64
		{672C0B8A-7030-4793-8CF9-F536C84F321B}.Debug|x86.ActiveCfg = Debug|Win32
		{672C0B8A-7030-4793-8CF9-F536C84F321B}.Debug|x86.Build.0 = Debug|Win32
		{672C0B8A-7030-4793-8CF9-F536C84F321B}.Release|x64.ActiveCfg = Release|x64
		{672C0B8A-7030-4793-8CF9-F536C84F321B}.Release|x64.Build.0 = Release|x64
		{672C0B8A-7030-4793-8CF9-F536C84F321B}.Release|x86.ActiveCfg = Release|Win32
		{672C0B8A-7030-4793-8CF9-F536C84F321B}.Release|x86.Build.0 = Release|Win32
	EndGlobalSection
	GlobalSection(SolutionProperties) = preSolution
		HideSolutionNode = FALSE
	EndGlobalSection
	GlobalSection(ExtensibilityGlobals) = postSolution
		SolutionGuid = {4FCC2261-40AE-438D-9F31-D4D234E48AA8}
	EndGlobalSection
EndGlobal
