<?xml version="1.0" encoding="utf-8"?>
<Project ToolsVersion="4.0" xmlns="http://schemas.microsoft.com/developer/msbuild/2003">
  <ItemGroup>
    <ClCompile Include="Pch.cpp" />
    <ClCompile Include="DllMain.cpp" />
    <ClCompile Include="Mod.cpp" />
    <ClCompile Include="CyloopManager.cpp" />
    <ClCompile Include="TextManager.cpp" />
    <ClCompile Include="Configuration.cpp" />
  </ItemGroup>
  <ItemGroup>
    <ClInclude Include="Pch.h" />
    <ClInclude Include="PlayerParameters.h" />
    <ClInclude Include="CyloopManager.h" />
    <ClInclude Include="TextManager.h" />
    <ClInclude Include="Configuration.h" />
  </ItemGroup>
</Project>